// !$*UTF8*$!
{
	archiveVersion = 1;
	classes = {
	};
	objectVersion = 46;
	objects = {

/* Begin PBXBuildFile section */
		5CA5C0941B953DA30067D93B /* RAPainBezierPath.m in Sources */ = {isa = PBXBuildFile; fileRef = 5CA5C0931B953DA30067D93B /* RAPainBezierPath.m */; };
		5CA5C0971B9544140067D93B /* RASignView.m in Sources */ = {isa = PBXBuildFile; fileRef = 5CA5C0961B9544140067D93B /* RASignView.m */; };
		5CA848A51B8EFDD1001DDFCA /* main.m in Sources */ = {isa = PBXBuildFile; fileRef = 5CA848A41B8EFDD1001DDFCA /* main.m */; };
		5CA848AE1B8EFDD1001DDFCA /* Main.storyboard in Resources */ = {isa = PBXBuildFile; fileRef = 5CA848AC1B8EFDD1001DDFCA /* Main.storyboard */; };
		5CA848B01B8EFDD1001DDFCA /* Images.xcassets in Resources */ = {isa = PBXBuildFile; fileRef = 5CA848AF1B8EFDD1001DDFCA /* Images.xcassets */; };
		5CA848B31B8EFDD1001DDFCA /* LaunchScreen.xib in Resources */ = {isa = PBXBuildFile; fileRef = 5CA848B11B8EFDD1001DDFCA /* LaunchScreen.xib */; };
		5CA848BF1B8EFDD1001DDFCA /* RASignatureTests.m in Sources */ = {isa = PBXBuildFile; fileRef = 5CA848BE1B8EFDD1001DDFCA /* RASignatureTests.m */; };
		5CAF3DE71B94589A009F33DB /* AppDelegate.m in Sources */ = {isa = PBXBuildFile; fileRef = 5CAF3DE41B94589A009F33DB /* AppDelegate.m */; };
		5CAF3DE81B94589A009F33DB /* ViewController.m in Sources */ = {isa = PBXBuildFile; fileRef = 5CAF3DE61B94589A009F33DB /* ViewController.m */; };
		5CCD53651B945F0E0024D99B /* UIView+RASignViewExtension.m in Sources */ = {isa = PBXBuildFile; fileRef = 5CCD53641B945F0E0024D99B /* UIView+RASignViewExtension.m */; };
/* End PBXBuildFile section */

/* Begin PBXContainerItemProxy section */
		5CA848B91B8EFDD1001DDFCA /* PBXContainerItemProxy */ = {
			isa = PBXContainerItemProxy;
			containerPortal = 5CA848971B8EFDD1001DDFCA /* Project object */;
			proxyType = 1;
			remoteGlobalIDString = 5CA8489E1B8EFDD1001DDFCA;
			remoteInfo = RASignature;
		};
/* End PBXContainerItemProxy section */

/* Begin PBXFileReference section */
		5CA5C0921B953DA30067D93B /* RAPainBezierPath.h */ = {isa = PBXFileReference; fileEncoding = 4; lastKnownFileType = sourcecode.c.h; path = RAPainBezierPath.h; sourceTree = "<group>"; };
		5CA5C0931B953DA30067D93B /* RAPainBezierPath.m */ = {isa = PBXFileReference; fileEncoding = 4; lastKnownFileType = sourcecode.c.objc; path = RAPainBezierPath.m; sourceTree = "<group>"; };
		5CA5C0951B9544140067D93B /* RASignView.h */ = {isa = PBXFileReference; fileEncoding = 4; lastKnownFileType = sourcecode.c.h; path = RASignView.h; sourceTree = "<group>"; };
		5CA5C0961B9544140067D93B /* RASignView.m */ = {isa = PBXFileReference; fileEncoding = 4; lastKnownFileType = sourcecode.c.objc; path = RASignView.m; sourceTree = "<group>"; };
		5CA8489F1B8EFDD1001DDFCA /* RASignature.app */ = {isa = PBXFileReference; explicitFileType = wrapper.application; includeInIndex = 0; path = RASignature.app; sourceTree = BUILT_PRODUCTS_DIR; };
		5CA848A31B8EFDD1001DDFCA /* Info.plist */ = {isa = PBXFileReference; lastKnownFileType = text.plist.xml; path = Info.plist; sourceTree = "<group>"; };
		5CA848A41B8EFDD1001DDFCA /* main.m */ = {isa = PBXFileReference; lastKnownFileType = sourcecode.c.objc; path = main.m; sourceTree = "<group>"; };
		5CA848AD1B8EFDD1001DDFCA /* Base */ = {isa = PBXFileReference; lastKnownFileType = file.storyboard; name = Base; path = Base.lproj/Main.storyboard; sourceTree = "<group>"; };
		5CA848AF1B8EFDD1001DDFCA /* Images.xcassets */ = {isa = PBXFileReference; lastKnownFileType = folder.assetcatalog; path = Images.xcassets; sourceTree = "<group>"; };
		5CA848B21B8EFDD1001DDFCA /* Base */ = {isa = PBXFileReference; lastKnownFileType = file.xib; name = Base; path = Base.lproj/LaunchScreen.xib; sourceTree = "<group>"; };
		5CA848B81B8EFDD1001DDFCA /* RASignatureTests.xctest */ = {isa = PBXFileReference; explicitFileType = wrapper.cfbundle; includeInIndex = 0; path = RASignatureTests.xctest; sourceTree = BUILT_PRODUCTS_DIR; };
		5CA848BD1B8EFDD1001DDFCA /* Info.plist */ = {isa = PBXFileReference; lastKnownFileType = text.plist.xml; path = Info.plist; sourceTree = "<group>"; };
		5CA848BE1B8EFDD1001DDFCA /* RASignatureTests.m */ = {isa = PBXFileReference; lastKnownFileType = sourcecode.c.objc; path = RASignatureTests.m; sourceTree = "<group>"; };
		5CAF3DE31B94589A009F33DB /* AppDelegate.h */ = {isa = PBXFileReference; fileEncoding = 4; lastKnownFileType = sourcecode.c.h; path = AppDelegate.h; sourceTree = "<group>"; };
		5CAF3DE41B94589A009F33DB /* AppDelegate.m */ = {isa = PBXFileReference; fileEncoding = 4; lastKnownFileType = sourcecode.c.objc; path = AppDelegate.m; sourceTree = "<group>"; };
		5CAF3DE51B94589A009F33DB /* ViewController.h */ = {isa = PBXFileReference; fileEncoding = 4; lastKnownFileType = sourcecode.c.h; path = ViewController.h; sourceTree = "<group>"; };
		5CAF3DE61B94589A009F33DB /* ViewController.m */ = {isa = PBXFileReference; fileEncoding = 4; lastKnownFileType = sourcecode.c.objc; path = ViewController.m; sourceTree = "<group>"; };
		5CCD53631B945F0E0024D99B /* UIView+RASignViewExtension.h */ = {isa = PBXFileReference; fileEncoding = 4; lastKnownFileType = sourcecode.c.h; path = "UIView+RASignViewExtension.h"; sourceTree = "<group>"; };
		5CCD53641B945F0E0024D99B /* UIView+RASignViewExtension.m */ = {isa = PBXFileReference; fileEncoding = 4; lastKnownFileType = sourcecode.c.objc; path = "UIView+RASignViewExtension.m"; sourceTree = "<group>"; };
		5CCD53661B94605F0024D99B /* RASignature.h */ = {isa = PBXFileReference; lastKnownFileType = sourcecode.c.h; path = RASignature.h; sourceTree = "<group>"; };
/* End PBXFileReference section */

/* Begin PBXFrameworksBuildPhase section */
		5CA8489C1B8EFDD1001DDFCA /* Frameworks */ = {
			isa = PBXFrameworksBuildPhase;
			buildActionMask = 2147483647;
			files = (
			);
			runOnlyForDeploymentPostprocessing = 0;
		};
		5CA848B51B8EFDD1001DDFCA /* Frameworks */ = {
			isa = PBXFrameworksBuildPhase;
			buildActionMask = 2147483647;
			files = (
			);
			runOnlyForDeploymentPostprocessing = 0;
		};
/* End PBXFrameworksBuildPhase section */

/* Begin PBXGroup section */
		5CA848961B8EFDD1001DDFCA = {
			isa = PBXGroup;
			children = (
				5CA848A11B8EFDD1001DDFCA /* RASignature */,
				5CA848BB1B8EFDD1001DDFCA /* RASignatureTests */,
				5CA848A01B8EFDD1001DDFCA /* Products */,
			);
			sourceTree = "<group>";
		};
		5CA848A01B8EFDD1001DDFCA /* Products */ = {
			isa = PBXGroup;
			children = (
				5CA8489F1B8EFDD1001DDFCA /* RASignature.app */,
				5CA848B81B8EFDD1001DDFCA /* RASignatureTests.xctest */,
			);
			name = Products;
			sourceTree = "<group>";
		};
		5CA848A11B8EFDD1001DDFCA /* RASignature */ = {
			isa = PBXGroup;
			children = (
				5CAF3DE21B94589A009F33DB /* Example */,
				5CA848C91B8EFDEE001DDFCA /* RASignature */,
				5CA848AF1B8EFDD1001DDFCA /* Images.xcassets */,
				5CA848B11B8EFDD1001DDFCA /* LaunchScreen.xib */,
				5CA848A21B8EFDD1001DDFCA /* Supporting Files */,
			);
			path = RASignature;
			sourceTree = "<group>";
		};
		5CA848A21B8EFDD1001DDFCA /* Supporting Files */ = {
			isa = PBXGroup;
			children = (
				5CA848A31B8EFDD1001DDFCA /* Info.plist */,
				5CA848A41B8EFDD1001DDFCA /* main.m */,
			);
			name = "Supporting Files";
			sourceTree = "<group>";
		};
		5CA848BB1B8EFDD1001DDFCA /* RASignatureTests */ = {
			isa = PBXGroup;
			children = (
				5CA848BE1B8EFDD1001DDFCA /* RASignatureTests.m */,
				5CA848BC1B8EFDD1001DDFCA /* Supporting Files */,
			);
			path = RASignatureTests;
			sourceTree = "<group>";
		};
		5CA848BC1B8EFDD1001DDFCA /* Supporting Files */ = {
			isa = PBXGroup;
			children = (
				5CA848BD1B8EFDD1001DDFCA /* Info.plist */,
			);
			name = "Supporting Files";
			sourceTree = "<group>";
		};
		5CA848C91B8EFDEE001DDFCA /* RASignature */ = {
			isa = PBXGroup;
			children = (
				5CCD53631B945F0E0024D99B /* UIView+RASignViewExtension.h */,
				5CCD53641B945F0E0024D99B /* UIView+RASignViewExtension.m */,
				5CCD53661B94605F0024D99B /* RASignature.h */,
				5CA5C0921B953DA30067D93B /* RAPainBezierPath.h */,
				5CA5C0931B953DA30067D93B /* RAPainBezierPath.m */,
				5CA5C0951B9544140067D93B /* RASignView.h */,
				5CA5C0961B9544140067D93B /* RASignView.m */,
			);
			path = RASignature;
			sourceTree = "<group>";
		};
		5CAF3DE21B94589A009F33DB /* Example */ = {
			isa = PBXGroup;
			children = (
				5CA848AC1B8EFDD1001DDFCA /* Main.storyboard */,
				5CAF3DE31B94589A009F33DB /* AppDelegate.h */,
				5CAF3DE41B94589A009F33DB /* AppDelegate.m */,
				5CAF3DE51B94589A009F33DB /* ViewController.h */,
				5CAF3DE61B94589A009F33DB /* ViewController.m */,
			);
			path = Example;
			sourceTree = "<group>";
		};
/* End PBXGroup section */

/* Begin PBXNativeTarget section */
		5CA8489E1B8EFDD1001DDFCA /* RASignature */ = {
			isa = PBXNativeTarget;
			buildConfigurationList = 5CA848C21B8EFDD1001DDFCA /* Build configuration list for PBXNativeTarget "RASignature" */;
			buildPhases = (
				5CA8489B1B8EFDD1001DDFCA /* Sources */,
				5CA8489C1B8EFDD1001DDFCA /* Frameworks */,
				5CA8489D1B8EFDD1001DDFCA /* Resources */,
			);
			buildRules = (
			);
			dependencies = (
			);
			name = RASignature;
			productName = RASignature;
			productReference = 5CA8489F1B8EFDD1001DDFCA /* RASignature.app */;
			productType = "com.apple.product-type.application";
		};
		5CA848B71B8EFDD1001DDFCA /* RASignatureTests */ = {
			isa = PBXNativeTarget;
			buildConfigurationList = 5CA848C51B8EFDD1001DDFCA /* Build configuration list for PBXNativeTarget "RASignatureTests" */;
			buildPhases = (
				5CA848B41B8EFDD1001DDFCA /* Sources */,
				5CA848B51B8EFDD1001DDFCA /* Frameworks */,
				5CA848B61B8EFDD1001DDFCA /* Resources */,
			);
			buildRules = (
			);
			dependencies = (
				5CA848BA1B8EFDD1001DDFCA /* PBXTargetDependency */,
			);
			name = RASignatureTests;
			productName = RASignatureTests;
			productReference = 5CA848B81B8EFDD1001DDFCA /* RASignatureTests.xctest */;
			productType = "com.apple.product-type.bundle.unit-test";
		};
/* End PBXNativeTarget section */

/* Begin PBXProject section */
		5CA848971B8EFDD1001DDFCA /* Project object */ = {
			isa = PBXProject;
			attributes = {
				CLASSPREFIX = RA;
				LastUpgradeCheck = 0630;
				ORGANIZATIONNAME = Rocky;
				TargetAttributes = {
					5CA8489E1B8EFDD1001DDFCA = {
						CreatedOnToolsVersion = 6.3.2;
					};
					5CA848B71B8EFDD1001DDFCA = {
						CreatedOnToolsVersion = 6.3.2;
						TestTargetID = 5CA8489E1B8EFDD1001DDFCA;
					};
				};
			};
			buildConfigurationList = 5CA8489A1B8EFDD1001DDFCA /* Build configuration list for PBXProject "RASignature" */;
			compatibilityVersion = "Xcode 3.2";
			developmentRegion = English;
			hasScannedForEncodings = 0;
			knownRegions = (
				en,
				Base,
			);
			mainGroup = 5CA848961B8EFDD1001DDFCA;
			productRefGroup = 5CA848A01B8EFDD1001DDFCA /* Products */;
			projectDirPath = "";
			projectRoot = "";
			targets = (
				5CA8489E1B8EFDD1001DDFCA /* RASignature */,
				5CA848B71B8EFDD1001DDFCA /* RASignatureTests */,
			);
		};
/* End PBXProject section */

/* Begin PBXResourcesBuildPhase section */
		5CA8489D1B8EFDD1001DDFCA /* Resources */ = {
			isa = PBXResourcesBuildPhase;
			buildActionMask = 2147483647;
			files = (
				5CA848AE1B8EFDD1001DDFCA /* Main.storyboard in Resources */,
				5CA848B31B8EFDD1001DDFCA /* LaunchScreen.xib in Resources */,
				5CA848B01B8EFDD1001DDFCA /* Images.xcassets in Resources */,
			);
			runOnlyForDeploymentPostprocessing = 0;
		};
		5CA848B61B8EFDD1001DDFCA /* Resources */ = {
			isa = PBXResourcesBuildPhase;
			buildActionMask = 2147483647;
			files = (
			);
			runOnlyForDeploymentPostprocessing = 0;
		};
/* End PBXResourcesBuildPhase section */

/* Begin PBXSourcesBuildPhase section */
		5CA8489B1B8EFDD1001DDFCA /* Sources */ = {
			isa = PBXSourcesBuildPhase;
			buildActionMask = 2147483647;
			files = (
				5CAF3DE81B94589A009F33DB /* ViewController.m in Sources */,
				5CAF3DE71B94589A009F33DB /* AppDelegate.m in Sources */,
				5CA5C0941B953DA30067D93B /* RAPainBezierPath.m in Sources */,
				5CCD53651B945F0E0024D99B /* UIView+RASignViewExtension.m in Sources */,
				5CA5C0971B9544140067D93B /* RASignView.m in Sources */,
				5CA848A51B8EFDD1001DDFCA /* main.m in Sources */,
			);
			runOnlyForDeploymentPostprocessing = 0;
		};
		5CA848B41B8EFDD1001DDFCA /* Sources */ = {
			isa = PBXSourcesBuildPhase;
			buildActionMask = 2147483647;
			files = (
				5CA848BF1B8EFDD1001DDFCA /* RASignatureTests.m in Sources */,
			);
			runOnlyForDeploymentPostprocessing = 0;
		};
/* End PBXSourcesBuildPhase section */

/* Begin PBXTargetDependency section */
		5CA848BA1B8EFDD1001DDFCA /* PBXTargetDependency */ = {
			isa = PBXTargetDependency;
			target = 5CA8489E1B8EFDD1001DDFCA /* RASignature */;
			targetProxy = 5CA848B91B8EFDD1001DDFCA /* PBXContainerItemProxy */;
		};
/* End PBXTargetDependency section */

/* Begin PBXVariantGroup section */
		5CA848AC1B8EFDD1001DDFCA /* Main.storyboard */ = {
			isa = PBXVariantGroup;
			children = (
				5CA848AD1B8EFDD1001DDFCA /* Base */,
			);
			name = Main.storyboard;
			path = ..;
			sourceTree = "<group>";
		};
		5CA848B11B8EFDD1001DDFCA /* LaunchScreen.xib */ = {
			isa = PBXVariantGroup;
			children = (
				5CA848B21B8EFDD1001DDFCA /* Base */,
			);
			name = LaunchScreen.xib;
			sourceTree = "<group>";
		};
/* End PBXVariantGroup section */

/* Begin XCBuildConfiguration section */
		5CA848C01B8EFDD1001DDFCA /* Debug */ = {
			isa = XCBuildConfiguration;
			buildSettings = {
				ALWAYS_SEARCH_USER_PATHS = NO;
				CLANG_CXX_LANGUAGE_STANDARD = "gnu++0x";
				CLANG_CXX_LIBRARY = "libc++";
				CLANG_ENABLE_MODULES = YES;
				CLANG_ENABLE_OBJC_ARC = YES;
				CLANG_WARN_BOOL_CONVERSION = YES;
				CLANG_WARN_CONSTANT_CONVERSION = YES;
				CLANG_WARN_DIRECT_OBJC_ISA_USAGE = YES_ERROR;
				CLANG_WARN_EMPTY_BODY = YES;
				CLANG_WARN_ENUM_CONVERSION = YES;
				CLANG_WARN_INT_CONVERSION = YES;
				CLANG_WARN_OBJC_ROOT_CLASS = YES_ERROR;
				CLANG_WARN_UNREACHABLE_CODE = YES;
				CLANG_WARN__DUPLICATE_METHOD_MATCH = YES;
				"CODE_SIGN_IDENTITY[sdk=iphoneos*]" = "iPhone Developer";
				COPY_PHASE_STRIP = NO;
				DEBUG_INFORMATION_FORMAT = "dwarf-with-dsym";
				ENABLE_STRICT_OBJC_MSGSEND = YES;
				GCC_C_LANGUAGE_STANDARD = gnu99;
				GCC_DYNAMIC_NO_PIC = NO;
				GCC_NO_COMMON_BLOCKS = YES;
				GCC_OPTIMIZATION_LEVEL = 0;
				GCC_PREPROCESSOR_DEFINITIONS = (
					"DEBUG=1",
					"$(inherited)",
				);
				GCC_SYMBOLS_PRIVATE_EXTERN = NO;
				GCC_WARN_64_TO_32_BIT_CONVERSION = YES;
				GCC_WARN_ABOUT_RETURN_TYPE = YES_ERROR;
				GCC_WARN_UNDECLARED_SELECTOR = YES;
				GCC_WARN_UNINITIALIZED_AUTOS = YES_AGGRESSIVE;
				GCC_WARN_UNUSED_FUNCTION = YES;
				GCC_WARN_UNUSED_VARIABLE = YES;
				IPHONEOS_DEPLOYMENT_TARGET = 8.3;
				MTL_ENABLE_DEBUG_INFO = YES;
				ONLY_ACTIVE_ARCH = YES;
				SDKROOT = iphoneos;
			};
			name = Debug;
		};
		5CA848C11B8EFDD1001DDFCA /* Release */ = {
			isa = XCBuildConfiguration;
			buildSettings = {
				ALWAYS_SEARCH_USER_PATHS = NO;
				CLANG_CXX_LANGUAGE_STANDARD = "gnu++0x";
				CLANG_CXX_LIBRARY = "libc++";
				CLANG_ENABLE_MODULES = YES;
				CLANG_ENABLE_OBJC_ARC = YES;
				CLANG_WARN_BOOL_CONVERSION = YES;
				CLANG_WARN_CONSTANT_CONVERSION = YES;
				CLANG_WARN_DIRECT_OBJC_ISA_USAGE = YES_ERROR;
				CLANG_WARN_EMPTY_BODY = YES;
				CLANG_WARN_ENUM_CONVERSION = YES;
				CLANG_WARN_INT_CONVERSION = YES;
				CLANG_WARN_OBJC_ROOT_CLASS = YES_ERROR;
				CLANG_WARN_UNREACHABLE_CODE = YES;
				CLANG_WARN__DUPLICATE_METHOD_MATCH = YES;
				"CODE_SIGN_IDENTITY[sdk=iphoneos*]" = "iPhone Developer";
				COPY_PHASE_STRIP = NO;
				DEBUG_INFORMATION_FORMAT = "dwarf-with-dsym";
				ENABLE_NS_ASSERTIONS = NO;
				ENABLE_STRICT_OBJC_MSGSEND = YES;
				GCC_C_LANGUAGE_STANDARD = gnu99;
				GCC_NO_COMMON_BLOCKS = YES;
				GCC_WARN_64_TO_32_BIT_CONVERSION = YES;
				GCC_WARN_ABOUT_RETURN_TYPE = YES_ERROR;
				GCC_WARN_UNDECLARED_SELECTOR = YES;
				GCC_WARN_UNINITIALIZED_AUTOS = YES_AGGRESSIVE;
				GCC_WARN_UNUSED_FUNCTION = YES;
				GCC_WARN_UNUSED_VARIABLE = YES;
				IPHONEOS_DEPLOYMENT_TARGET = 8.3;
				MTL_ENABLE_DEBUG_INFO = NO;
				SDKROOT = iphoneos;
				VALIDATE_PRODUCT = YES;
			};
			name = Release;
		};
		5CA848C31B8EFDD1001DDFCA /* Debug */ = {
			isa = XCBuildConfiguration;
			buildSettings = {
				ASSETCATALOG_COMPILER_APPICON_NAME = AppIcon;
				INFOPLIST_FILE = RASignature/Info.plist;
				LD_RUNPATH_SEARCH_PATHS = "$(inherited) @executable_path/Frameworks";
				PRODUCT_NAME = "$(TARGET_NAME)";
			};
			name = Debug;
		};
		5CA848C41B8EFDD1001DDFCA /* Release */ = {
			isa = XCBuildConfiguration;
			buildSettings = {
				ASSETCATALOG_COMPILER_APPICON_NAME = AppIcon;
				INFOPLIST_FILE = RASignature/Info.plist;
				LD_RUNPATH_SEARCH_PATHS = "$(inherited) @executable_path/Frameworks";
				PRODUCT_NAME = "$(TARGET_NAME)";
			};
			name = Release;
		};
		5CA848C61B8EFDD1001DDFCA /* Debug */ = {
			isa = XCBuildConfiguration;
			buildSettings = {
				BUNDLE_LOADER = "$(TEST_HOST)";
				FRAMEWORK_SEARCH_PATHS = (
					"$(SDKROOT)/Developer/Library/Frameworks",
					"$(inherited)",
				);
				GCC_PREPROCESSOR_DEFINITIONS = (
					"DEBUG=1",
					"$(inherited)",
				);
				INFOPLIST_FILE = RASignatureTests/Info.plist;
				LD_RUNPATH_SEARCH_PATHS = "$(inherited) @executable_path/Frameworks @loader_path/Frameworks";
				PRODUCT_NAME = "$(TARGET_NAME)";
				TEST_HOST = "$(BUILT_PRODUCTS_DIR)/RASignature.app/RASignature";
			};
			name = Debug;
		};
		5CA848C71B8EFDD1001DDFCA /* Release */ = {
			isa = XCBuildConfiguration;
			buildSettings = {
				BUNDLE_LOADER = "$(TEST_HOST)";
				FRAMEWORK_SEARCH_PATHS = (
					"$(SDKROOT)/Developer/Library/Frameworks",
					"$(inherited)",
				);
				INFOPLIST_FILE = RASignatureTests/Info.plist;
				LD_RUNPATH_SEARCH_PATHS = "$(inherited) @executable_path/Frameworks @loader_path/Frameworks";
				PRODUCT_NAME = "$(TARGET_NAME)";
				TEST_HOST = "$(BUILT_PRODUCTS_DIR)/RASignature.app/RASignature";
			};
			name = Release;
		};
/* End XCBuildConfiguration section */

/* Begin XCConfigurationList section */
		5CA8489A1B8EFDD1001DDFCA /* Build configuration list for PBXProject "RASignature" */ = {
			isa = XCConfigurationList;
			buildConfigurations = (
				5CA848C01B8EFDD1001DDFCA /* Debug */,
				5CA848C11B8EFDD1001DDFCA /* Release */,
			);
			defaultConfigurationIsVisible = 0;
			defaultConfigurationName = Release;
		};
		5CA848C21B8EFDD1001DDFCA /* Build configuration list for PBXNativeTarget "RASignature" */ = {
			isa = XCConfigurationList;
			buildConfigurations = (
				5CA848C31B8EFDD1001DDFCA /* Debug */,
				5CA848C41B8EFDD1001DDFCA /* Release */,
			);
			defaultConfigurationIsVisible = 0;
			defaultConfigurationName = Release;
		};
		5CA848C51B8EFDD1001DDFCA /* Build configuration list for PBXNativeTarget "RASignatureTests" */ = {
			isa = XCConfigurationList;
			buildConfigurations = (
				5CA848C61B8EFDD1001DDFCA /* Debug */,
				5CA848C71B8EFDD1001DDFCA /* Release */,
			);
			defaultConfigurationIsVisible = 0;
			defaultConfigurationName = Release;
		};
/* End XCConfigurationList section */
	};
	rootObject = 5CA848971B8EFDD1001DDFCA /* Project object */;
}
